
Microsoft Visual Studio Solution File, Format Version 12.00
# Visual Studio Version 16
VisualStudioVersion = 16.0.31515.178
MinimumVisualStudioVersion = 10.0.40219.1
Project("{FAE04EC0-301F-11D3-BF4B-00C04F79EFBC}") = "WaiterApp", "WaiterApp.csproj", "{3F1401A0-4C15-407D-891B-6A8498F873FF}"
EndProject
Global
	GlobalSection(SolutionConfigurationPlatforms) = preSolution
		Debug|Any CPU = Debug|Any CPU
		Release|Any CPU = Release|Any CPU
	EndGlobalSection
	GlobalSection(ProjectConfigurationPlatforms) = postSolution
		{3F1401A0-4C15-407D-891B-6A8498F873FF}.Debug|Any CPU.ActiveCfg = Debug|Any CPU
		{3F1401A0-4C15-407D-891B-6A8498F873FF}.Debug|Any CPU.Build.0 = Debug|Any CPU
		{3F1401A0-4C15-407D-891B-6A8498F873FF}.Release|Any CPU.ActiveCfg = Release|Any CPU
		{3F1401A0-4C15-407D-891B-6A8498F873FF}.Release|Any CPU.Build.0 = Release|Any CPU
	EndGlobalSection
	GlobalSection(SolutionProperties) = preSolution
		HideSolutionNode = FALSE
	EndGlobalSection
	GlobalSection(ExtensibilityGlobals) = postSolution
		SolutionGuid = {6E93838C-5ED2-40FE-A231-9D80944D454C}
	EndGlobalSection
EndGlobal
